<Solution>
  <Folder Name="/samples/">
    <Project Path="samples/Scribe.WebApi.Sample/Scribe.WebApi.Sample.csproj" />
  </Folder>
  <Folder Name="/src/">
    <Project Path="src/Scribe.Diagnostics/Scribe.Diagnostics.csproj" />
    <Project Path="src/Scribe.Diagnostics.Api/Scribe.Diagnostics.Api.csproj" />
  </Folder>
  <Folder Name="/tests/">
    <Project Path="tests/Scribe.Diagnostics.Tests/Scribe.Diagnostics.Tests.csproj" />
  </Folder>
</Solution>
